version = 1
requires-python = ">=3.9"

[[package]]
name = "colorama"
version = "0.4.6"
source = { registry = "https://pypi.org/simple" }
sdist = { url = "https://files.pythonhosted.org/packages/d8/53/6f443c9a4a8358a93a6792e2acffb9d9d5cb0a5cfd8802644b7b1c9a02e4/colorama-0.4.6.tar.gz", hash = "sha256:08695f5cb7ed6e0531a20572697297273c47b8cae5a63ffc6d6ed5c201be6e44", size = 27697 }
wheels = [
    { url = "https://files.pythonhosted.org/packages/d1/d6/3965ed04c63042e047cb6a3e6ed1a63a35087b6a609aa3a15ed8ac56c221/colorama-0.4.6-py2.py3-none-any.whl", hash = "sha256:4f1d9991f5acc0ca119f9d443620b77f9d6b33703e51011c16baf57afb285fc6", size = 25335 },
]

[[package]]
name = "ggce"
version = "0.1.4.dev0"
source = { editable = "." }
dependencies = [
    { name = "loguru" },
    { name = "monty" },
    { name = "numpy" },
    { name = "scipy" },
    { name = "tqdm" },
]

[package.metadata]
requires-dist = [
    { name = "loguru", specifier = ">=0.7.3" },
    { name = "monty", specifier = ">=2024.10.21" },
    { name = "numpy", specifier = "<1.24" },
    { name = "scipy", specifier = ">=1.13.1" },
    { name = "tqdm", specifier = ">=4.67.1" },
]

[[package]]
name = "loguru"
version = "0.7.3"
source = { registry = "https://pypi.org/simple" }
dependencies = [
    { name = "colorama", marker = "sys_platform == 'win32'" },
    { name = "win32-setctime", marker = "sys_platform == 'win32'" },
]
sdist = { url = "https://files.pythonhosted.org/packages/3a/05/a1dae3dffd1116099471c643b8924f5aa6524411dc6c63fdae648c4f1aca/loguru-0.7.3.tar.gz", hash = "sha256:19480589e77d47b8d85b2c827ad95d49bf31b0dcde16593892eb51dd18706eb6", size = 63559 }
wheels = [
    { url = "https://files.pythonhosted.org/packages/0c/29/0348de65b8cc732daa3e33e67806420b2ae89bdce2b04af740289c5c6c8c/loguru-0.7.3-py3-none-any.whl", hash = "sha256:31a33c10c8e1e10422bfd431aeb5d351c7cf7fa671e3c4df004162264b28220c", size = 61595 },
]

[[package]]
name = "monty"
version = "2024.10.21"
source = { registry = "https://pypi.org/simple" }
dependencies = [
    { name = "numpy" },
    { name = "ruamel-yaml" },
]
sdist = { url = "https://files.pythonhosted.org/packages/5f/01/d32964d6196ed09e1c99d3dcaa3b9c181f5f833108306ba2d4c752084c13/monty-2024.10.21.tar.gz", hash = "sha256:da69daf11075144c4e4fca1038413cf6ef0fafd3398954b5867de6b43ae5de1f", size = 82496 }
wheels = [
    { url = "https://files.pythonhosted.org/packages/99/4c/213fcf3429991ce542bb6f4e106ab6b8a35518e741f3d1e68b391d80e4cf/monty-2024.10.21-py3-none-any.whl", hash = "sha256:47411cbc77ec827d23b6f2ac0d1b03c55eba7419d66d6df56168d925be31b0a4", size = 68521 },
]

[[package]]
name = "numpy"
version = "1.23.5"
source = { registry = "https://pypi.org/simple" }
sdist = { url = "https://files.pythonhosted.org/packages/42/38/775b43da55fa7473015eddc9a819571517d9a271a9f8134f68fb9be2f212/numpy-1.23.5.tar.gz", hash = "sha256:1b1766d6f397c18153d40015ddfc79ddb715cabadc04d2d228d4e5a8bc4ded1a", size = 10731755 }
wheels = [
    { url = "https://files.pythonhosted.org/packages/0f/ae/dad4b8e7c65494cbbd1c063de114efaf9acd0f5f6171f044f0d4b6299787/numpy-1.23.5-cp310-cp310-macosx_10_9_x86_64.whl", hash = "sha256:9c88793f78fca17da0145455f0d7826bcb9f37da4764af27ac945488116efe63", size = 18118138 },
    { url = "https://files.pythonhosted.org/packages/4d/39/d33202cc56c21123a50c6d5e160d00c18ff685ab864dbd4bf80dd40a7af9/numpy-1.23.5-cp310-cp310-macosx_11_0_arm64.whl", hash = "sha256:e9f4c4e51567b616be64e05d517c79a8a22f3606499941d97bb76f2ca59f982d", size = 13350465 },
    { url = "https://files.pythonhosted.org/packages/67/6b/d7c93d458d16464da9b3f560a20c363a19e242ebbb019bd1e1d797523851/numpy-1.23.5-cp310-cp310-manylinux_2_17_aarch64.manylinux2014_aarch64.whl", hash = "sha256:7903ba8ab592b82014713c491f6c5d3a1cde5b4a3bf116404e08f5b52f6daf43", size = 13946528 },
    { url = "https://files.pythonhosted.org/packages/e4/f3/679b3a042a127de0d7c84874913c3e23bb84646eb3bc6ecab3f8c872edc9/numpy-1.23.5-cp310-cp310-manylinux_2_17_x86_64.manylinux2014_x86_64.whl", hash = "sha256:5e05b1c973a9f858c74367553e236f287e749465f773328c8ef31abe18f691e1", size = 17059657 },
    { url = "https://files.pythonhosted.org/packages/af/92/8efba008b9bda66456a1844a0e133dc76c08c5fb68c67a674f046211db29/numpy-1.23.5-cp310-cp310-win32.whl", hash = "sha256:522e26bbf6377e4d76403826ed689c295b0b238f46c28a7251ab94716da0b280", size = 12197097 },
    { url = "https://files.pythonhosted.org/packages/6a/03/ae6c3c307f9c5c7516de3df3e764ebb1de33e54e197f0370992138433ef4/numpy-1.23.5-cp310-cp310-win_amd64.whl", hash = "sha256:dbee87b469018961d1ad79b1a5d50c0ae850000b639bcb1b694e9981083243b6", size = 14647128 },
    { url = "https://files.pythonhosted.org/packages/6e/7f/94797cfe0263a30805f3074e535adfde02b885ac43d1e4dac85f82213b0b/numpy-1.23.5-cp311-cp311-macosx_10_9_x86_64.whl", hash = "sha256:ce571367b6dfe60af04e04a1834ca2dc5f46004ac1cc756fb95319f64c095a96", size = 18089545 },
    { url = "https://files.pythonhosted.org/packages/b8/d0/e6a2cb9a3f3e863a43e50949e9ae704be70baf398fd5af59355f65c8740a/numpy-1.23.5-cp311-cp311-macosx_11_0_arm64.whl", hash = "sha256:56e454c7833e94ec9769fa0f86e6ff8e42ee38ce0ce1fa4cbb747ea7e06d56aa", size = 13323710 },
    { url = "https://files.pythonhosted.org/packages/2b/1a/9ac00116d3a64b5ea031fdb2ff071062a6e2140553fa0770b5f007b84252/numpy-1.23.5-cp311-cp311-manylinux_2_17_aarch64.manylinux2014_aarch64.whl", hash = "sha256:5039f55555e1eab31124a5768898c9e22c25a65c1e0037f4d7c495a45778c9f2", size = 13941957 },
    { url = "https://files.pythonhosted.org/packages/e8/ad/b935c7421657a032fd2a5332eed098f3b9993a155afceb1daa280ff6611f/numpy-1.23.5-cp311-cp311-manylinux_2_17_x86_64.manylinux2014_x86_64.whl", hash = "sha256:58f545efd1108e647604a1b5aa809591ccd2540f468a880bedb97247e72db387", size = 17056806 },
    { url = "https://files.pythonhosted.org/packages/9b/55/a2669debe264b1f22a8133734595128e40b96a8066e17e53e8d160168e41/numpy-1.23.5-cp311-cp311-win32.whl", hash = "sha256:b2a9ab7c279c91974f756c84c365a669a887efa287365a8e2c418f8b3ba73fb0", size = 12190498 },
    { url = "https://files.pythonhosted.org/packages/19/0d/b8c34e4baf258d77a8592bdce45183e9a12874c167f5966c7dd467b74ea9/numpy-1.23.5-cp311-cp311-win_amd64.whl", hash = "sha256:0cbe9848fad08baf71de1a39e12d1b6310f1d5b2d0ea4de051058e6e1076852d", size = 14638838 },
    { url = "https://files.pythonhosted.org/packages/8c/7a/171d3b4a54de835c8f95181dd2885607c0e04adca55ef99d9de559b4c9ba/numpy-1.23.5-cp39-cp39-macosx_10_9_x86_64.whl", hash = "sha256:8969bfd28e85c81f3f94eb4a66bc2cf1dbdc5c18efc320af34bffc54d6b1e38f", size = 18130711 },
    { url = "https://files.pythonhosted.org/packages/9e/9d/ff17c357f7144301da85f8c03d56593cfd2904e9ce89f86c8eefaa96d2d5/numpy-1.23.5-cp39-cp39-macosx_11_0_arm64.whl", hash = "sha256:a7ac231a08bb37f852849bbb387a20a57574a97cfc7b6cabb488a4fc8be176de", size = 13359547 },
    { url = "https://files.pythonhosted.org/packages/5d/a1/cdac656aed8bc04dc86296490f8dbef68474c3294cc31af30f2bd0ec06de/numpy-1.23.5-cp39-cp39-manylinux_2_17_aarch64.manylinux2014_aarch64.whl", hash = "sha256:bf837dc63ba5c06dc8797c398db1e223a466c7ece27a1f7b5232ba3466aafe3d", size = 13977687 },
    { url = "https://files.pythonhosted.org/packages/4c/b9/038abd6fbd67b05b03cb1af590cfc02b7f1e5a37af7ac6a868f5093c29f5/numpy-1.23.5-cp39-cp39-manylinux_2_17_x86_64.manylinux2014_x86_64.whl", hash = "sha256:33161613d2269025873025b33e879825ec7b1d831317e68f4f2f0f84ed14c719", size = 17083286 },
    { url = "https://files.pythonhosted.org/packages/d5/95/f311e6fdaabe24f909eeb6d5482e3adef27fa8389cb8a84823ae560bf480/numpy-1.23.5-cp39-cp39-win32.whl", hash = "sha256:af1da88f6bc3d2338ebbf0e22fe487821ea4d8e89053e25fa59d1d79786e7481", size = 12222601 },
    { url = "https://files.pythonhosted.org/packages/08/36/6589c7d5fc4fecda63de4453fefff7c58f6de2b1bb7dfbe7fa807bf85c46/numpy-1.23.5-cp39-cp39-win_amd64.whl", hash = "sha256:09b7847f7e83ca37c6e627682f145856de331049013853f344f37b0c9690e3df", size = 14671927 },
]

[[package]]
name = "ruamel-yaml"
version = "0.18.6"
source = { registry = "https://pypi.org/simple" }
dependencies = [
    { name = "ruamel-yaml-clib", marker = "python_full_version < '3.13' and platform_python_implementation == 'CPython'" },
]
sdist = { url = "https://files.pythonhosted.org/packages/29/81/4dfc17eb6ebb1aac314a3eb863c1325b907863a1b8b1382cdffcb6ac0ed9/ruamel.yaml-0.18.6.tar.gz", hash = "sha256:8b27e6a217e786c6fbe5634d8f3f11bc63e0f80f6a5890f28863d9c45aac311b", size = 143362 }
wheels = [
    { url = "https://files.pythonhosted.org/packages/73/67/8ece580cc363331d9a53055130f86b096bf16e38156e33b1d3014fffda6b/ruamel.yaml-0.18.6-py3-none-any.whl", hash = "sha256:57b53ba33def16c4f3d807c0ccbc00f8a6081827e81ba2491691b76882d0c636", size = 117761 },
]

[[package]]
name = "ruamel-yaml-clib"
version = "0.2.12"
source = { registry = "https://pypi.org/simple" }
sdist = { url = "https://files.pythonhosted.org/packages/20/84/80203abff8ea4993a87d823a5f632e4d92831ef75d404c9fc78d0176d2b5/ruamel.yaml.clib-0.2.12.tar.gz", hash = "sha256:6c8fbb13ec503f99a91901ab46e0b07ae7941cd527393187039aec586fdfd36f", size = 225315 }
wheels = [
    { url = "https://files.pythonhosted.org/packages/70/57/40a958e863e299f0c74ef32a3bde9f2d1ea8d69669368c0c502a0997f57f/ruamel.yaml.clib-0.2.12-cp310-cp310-macosx_13_0_arm64.whl", hash = "sha256:11f891336688faf5156a36293a9c362bdc7c88f03a8a027c2c1d8e0bcde998e5", size = 131301 },
    { url = "https://files.pythonhosted.org/packages/98/a8/29a3eb437b12b95f50a6bcc3d7d7214301c6c529d8fdc227247fa84162b5/ruamel.yaml.clib-0.2.12-cp310-cp310-manylinux2014_aarch64.whl", hash = "sha256:a606ef75a60ecf3d924613892cc603b154178ee25abb3055db5062da811fd969", size = 633728 },
    { url = "https://files.pythonhosted.org/packages/35/6d/ae05a87a3ad540259c3ad88d71275cbd1c0f2d30ae04c65dcbfb6dcd4b9f/ruamel.yaml.clib-0.2.12-cp310-cp310-manylinux_2_17_x86_64.manylinux2014_x86_64.whl", hash = "sha256:fd5415dded15c3822597455bc02bcd66e81ef8b7a48cb71a33628fc9fdde39df", size = 722230 },
    { url = "https://files.pythonhosted.org/packages/7f/b7/20c6f3c0b656fe609675d69bc135c03aac9e3865912444be6339207b6648/ruamel.yaml.clib-0.2.12-cp310-cp310-manylinux_2_5_i686.manylinux1_i686.manylinux_2_17_i686.manylinux2014_i686.whl", hash = "sha256:f66efbc1caa63c088dead1c4170d148eabc9b80d95fb75b6c92ac0aad2437d76", size = 686712 },
    { url = "https://files.pythonhosted.org/packages/cd/11/d12dbf683471f888d354dac59593873c2b45feb193c5e3e0f2ebf85e68b9/ruamel.yaml.clib-0.2.12-cp310-cp310-musllinux_1_1_i686.whl", hash = "sha256:22353049ba4181685023b25b5b51a574bce33e7f51c759371a7422dcae5402a6", size = 663936 },
    { url = "https://files.pythonhosted.org/packages/72/14/4c268f5077db5c83f743ee1daeb236269fa8577133a5cfa49f8b382baf13/ruamel.yaml.clib-0.2.12-cp310-cp310-musllinux_1_1_x86_64.whl", hash = "sha256:932205970b9f9991b34f55136be327501903f7c66830e9760a8ffb15b07f05cd", size = 696580 },
    { url = "https://files.pythonhosted.org/packages/80/29/c0a017b704aaf3cbf704989785cd9c5d5b8ccec2dae6ac0c53833c84e677/ruamel.yaml.clib-0.2.12-cp310-cp310-win32.whl", hash = "sha256:3eac5a91891ceb88138c113f9db04f3cebdae277f5d44eaa3651a4f573e6a5da", size = 100326 },
    { url = "https://files.pythonhosted.org/packages/3a/65/fa39d74db4e2d0cd252355732d966a460a41cd01c6353b820a0952432839/ruamel.yaml.clib-0.2.12-cp310-cp310-win_amd64.whl", hash = "sha256:ab007f2f5a87bd08ab1499bdf96f3d5c6ad4dcfa364884cb4549aa0154b13a28", size = 118079 },
    { url = "https://files.pythonhosted.org/packages/fb/8f/683c6ad562f558cbc4f7c029abcd9599148c51c54b5ef0f24f2638da9fbb/ruamel.yaml.clib-0.2.12-cp311-cp311-macosx_13_0_arm64.whl", hash = "sha256:4a6679521a58256a90b0d89e03992c15144c5f3858f40d7c18886023d7943db6", size = 132224 },
    { url = "https://files.pythonhosted.org/packages/3c/d2/b79b7d695e2f21da020bd44c782490578f300dd44f0a4c57a92575758a76/ruamel.yaml.clib-0.2.12-cp311-cp311-manylinux2014_aarch64.whl", hash = "sha256:d84318609196d6bd6da0edfa25cedfbabd8dbde5140a0a23af29ad4b8f91fb1e", size = 641480 },
    { url = "https://files.pythonhosted.org/packages/68/6e/264c50ce2a31473a9fdbf4fa66ca9b2b17c7455b31ef585462343818bd6c/ruamel.yaml.clib-0.2.12-cp311-cp311-manylinux_2_17_x86_64.manylinux2014_x86_64.whl", hash = "sha256:bb43a269eb827806502c7c8efb7ae7e9e9d0573257a46e8e952f4d4caba4f31e", size = 739068 },
    { url = "https://files.pythonhosted.org/packages/86/29/88c2567bc893c84d88b4c48027367c3562ae69121d568e8a3f3a8d363f4d/ruamel.yaml.clib-0.2.12-cp311-cp311-manylinux_2_5_i686.manylinux1_i686.manylinux_2_17_i686.manylinux2014_i686.whl", hash = "sha256:811ea1594b8a0fb466172c384267a4e5e367298af6b228931f273b111f17ef52", size = 703012 },
    { url = "https://files.pythonhosted.org/packages/11/46/879763c619b5470820f0cd6ca97d134771e502776bc2b844d2adb6e37753/ruamel.yaml.clib-0.2.12-cp311-cp311-musllinux_1_1_i686.whl", hash = "sha256:cf12567a7b565cbf65d438dec6cfbe2917d3c1bdddfce84a9930b7d35ea59642", size = 704352 },
    { url = "https://files.pythonhosted.org/packages/02/80/ece7e6034256a4186bbe50dee28cd032d816974941a6abf6a9d65e4228a7/ruamel.yaml.clib-0.2.12-cp311-cp311-musllinux_1_1_x86_64.whl", hash = "sha256:7dd5adc8b930b12c8fc5b99e2d535a09889941aa0d0bd06f4749e9a9397c71d2", size = 737344 },
    { url = "https://files.pythonhosted.org/packages/67/58/b1f60a1d591b771298ffa0428237afb092c7f29ae23bad93420b1eb10703/ruamel.yaml.clib-0.2.12-cp311-cp311-win32.whl", hash = "sha256:bd0a08f0bab19093c54e18a14a10b4322e1eacc5217056f3c063bd2f59853ce4", size = 100205 },
    { url = "https://files.pythonhosted.org/packages/b4/4f/b52f634c9548a9291a70dfce26ca7ebce388235c93588a1068028ea23fcc/ruamel.yaml.clib-0.2.12-cp311-cp311-win_amd64.whl", hash = "sha256:a274fb2cb086c7a3dea4322ec27f4cb5cc4b6298adb583ab0e211a4682f241eb", size = 118185 },
    { url = "https://files.pythonhosted.org/packages/48/41/e7a405afbdc26af961678474a55373e1b323605a4f5e2ddd4a80ea80f628/ruamel.yaml.clib-0.2.12-cp312-cp312-macosx_14_0_arm64.whl", hash = "sha256:20b0f8dc160ba83b6dcc0e256846e1a02d044e13f7ea74a3d1d56ede4e48c632", size = 133433 },
    { url = "https://files.pythonhosted.org/packages/ec/b0/b850385604334c2ce90e3ee1013bd911aedf058a934905863a6ea95e9eb4/ruamel.yaml.clib-0.2.12-cp312-cp312-manylinux2014_aarch64.whl", hash = "sha256:943f32bc9dedb3abff9879edc134901df92cfce2c3d5c9348f172f62eb2d771d", size = 647362 },
    { url = "https://files.pythonhosted.org/packages/44/d0/3f68a86e006448fb6c005aee66565b9eb89014a70c491d70c08de597f8e4/ruamel.yaml.clib-0.2.12-cp312-cp312-manylinux_2_17_x86_64.manylinux2014_x86_64.whl", hash = "sha256:95c3829bb364fdb8e0332c9931ecf57d9be3519241323c5274bd82f709cebc0c", size = 754118 },
    { url = "https://files.pythonhosted.org/packages/52/a9/d39f3c5ada0a3bb2870d7db41901125dbe2434fa4f12ca8c5b83a42d7c53/ruamel.yaml.clib-0.2.12-cp312-cp312-manylinux_2_5_i686.manylinux1_i686.manylinux_2_17_i686.manylinux2014_i686.whl", hash = "sha256:749c16fcc4a2b09f28843cda5a193e0283e47454b63ec4b81eaa2242f50e4ccd", size = 706497 },
    { url = "https://files.pythonhosted.org/packages/b0/fa/097e38135dadd9ac25aecf2a54be17ddf6e4c23e43d538492a90ab3d71c6/ruamel.yaml.clib-0.2.12-cp312-cp312-musllinux_1_1_i686.whl", hash = "sha256:bf165fef1f223beae7333275156ab2022cffe255dcc51c27f066b4370da81e31", size = 698042 },
    { url = "https://files.pythonhosted.org/packages/ec/d5/a659ca6f503b9379b930f13bc6b130c9f176469b73b9834296822a83a132/ruamel.yaml.clib-0.2.12-cp312-cp312-musllinux_1_1_x86_64.whl", hash = "sha256:32621c177bbf782ca5a18ba4d7af0f1082a3f6e517ac2a18b3974d4edf349680", size = 745831 },
    { url = "https://files.pythonhosted.org/packages/b1/82/85cb92f15a4231c89b95dfe08b09eb6adca929ef7df7e17ab59902b6f589/ruamel.yaml.clib-0.2.12-cp312-cp312-win32.whl", hash = "sha256:e8c4ebfcfd57177b572e2040777b8abc537cdef58a2120e830124946aa9b42c5", size = 98777 },
    { url = "https://files.pythonhosted.org/packages/d7/8f/c3654f6f1ddb75daf3922c3d8fc6005b1ab56671ad56ffb874d908bfa668/ruamel.yaml.clib-0.2.12-cp312-cp312-win_amd64.whl", hash = "sha256:0467c5965282c62203273b838ae77c0d29d7638c8a4e3a1c8bdd3602c10904e4", size = 115523 },
    { url = "https://files.pythonhosted.org/packages/29/00/4864119668d71a5fa45678f380b5923ff410701565821925c69780356ffa/ruamel.yaml.clib-0.2.12-cp313-cp313-macosx_14_0_arm64.whl", hash = "sha256:4c8c5d82f50bb53986a5e02d1b3092b03622c02c2eb78e29bec33fd9593bae1a", size = 132011 },
    { url = "https://files.pythonhosted.org/packages/7f/5e/212f473a93ae78c669ffa0cb051e3fee1139cb2d385d2ae1653d64281507/ruamel.yaml.clib-0.2.12-cp313-cp313-manylinux2014_aarch64.whl", hash = "sha256:e7e3736715fbf53e9be2a79eb4db68e4ed857017344d697e8b9749444ae57475", size = 642488 },
    { url = "https://files.pythonhosted.org/packages/1f/8f/ecfbe2123ade605c49ef769788f79c38ddb1c8fa81e01f4dbf5cf1a44b16/ruamel.yaml.clib-0.2.12-cp313-cp313-manylinux_2_17_x86_64.manylinux2014_x86_64.whl", hash = "sha256:0b7e75b4965e1d4690e93021adfcecccbca7d61c7bddd8e22406ef2ff20d74ef", size = 745066 },
    { url = "https://files.pythonhosted.org/packages/e2/a9/28f60726d29dfc01b8decdb385de4ced2ced9faeb37a847bd5cf26836815/ruamel.yaml.clib-0.2.12-cp313-cp313-manylinux_2_5_i686.manylinux1_i686.manylinux_2_17_i686.manylinux2014_i686.whl", hash = "sha256:96777d473c05ee3e5e3c3e999f5d23c6f4ec5b0c38c098b3a5229085f74236c6", size = 701785 },
    { url = "https://files.pythonhosted.org/packages/84/7e/8e7ec45920daa7f76046578e4f677a3215fe8f18ee30a9cb7627a19d9b4c/ruamel.yaml.clib-0.2.12-cp313-cp313-musllinux_1_1_i686.whl", hash = "sha256:3bc2a80e6420ca8b7d3590791e2dfc709c88ab9152c00eeb511c9875ce5778bf", size = 693017 },
    { url = "https://files.pythonhosted.org/packages/c5/b3/d650eaade4ca225f02a648321e1ab835b9d361c60d51150bac49063b83fa/ruamel.yaml.clib-0.2.12-cp313-cp313-musllinux_1_1_x86_64.whl", hash = "sha256:e188d2699864c11c36cdfdada94d781fd5d6b0071cd9c427bceb08ad3d7c70e1", size = 741270 },
    { url = "https://files.pythonhosted.org/packages/30/8c/ed73f047a73638257aa9377ad356bea4d96125b305c34a28766f4445cc0f/ruamel.yaml.clib-0.2.12-cp313-cp313-win32.whl", hash = "sha256:6442cb36270b3afb1b4951f060eccca1ce49f3d087ca1ca4563a6eb479cb3de6", size = 98583 },
    { url = "https://files.pythonhosted.org/packages/b0/85/e8e751d8791564dd333d5d9a4eab0a7a115f7e349595417fd50ecae3395c/ruamel.yaml.clib-0.2.12-cp313-cp313-win_amd64.whl", hash = "sha256:e5b8daf27af0b90da7bb903a876477a9e6d7270be6146906b276605997c7e9a3", size = 115190 },
    { url = "https://files.pythonhosted.org/packages/e5/46/ccdef7a84ad745c37cb3d9a81790f28fbc9adf9c237dba682017b123294e/ruamel.yaml.clib-0.2.12-cp39-cp39-macosx_12_0_arm64.whl", hash = "sha256:fc4b630cd3fa2cf7fce38afa91d7cfe844a9f75d7f0f36393fa98815e911d987", size = 131834 },
    { url = "https://files.pythonhosted.org/packages/29/09/932360f30ad1b7b79f08757e0a6fb8c5392a52cdcc182779158fe66d25ac/ruamel.yaml.clib-0.2.12-cp39-cp39-manylinux2014_aarch64.whl", hash = "sha256:bc5f1e1c28e966d61d2519f2a3d451ba989f9ea0f2307de7bc45baa526de9e45", size = 636120 },
    { url = "https://files.pythonhosted.org/packages/a2/2a/5b27602e7a4344c1334e26bf4739746206b7a60a8acdba33a61473468b73/ruamel.yaml.clib-0.2.12-cp39-cp39-manylinux_2_17_x86_64.manylinux2014_x86_64.whl", hash = "sha256:5a0e060aace4c24dcaf71023bbd7d42674e3b230f7e7b97317baf1e953e5b519", size = 724914 },
    { url = "https://files.pythonhosted.org/packages/da/1c/23497017c554fc06ff5701b29355522cff850f626337fff35d9ab352cb18/ruamel.yaml.clib-0.2.12-cp39-cp39-manylinux_2_5_i686.manylinux1_i686.manylinux_2_17_i686.manylinux2014_i686.whl", hash = "sha256:e2f1c3765db32be59d18ab3953f43ab62a761327aafc1594a2a1fbe038b8b8a7", size = 689072 },
    { url = "https://files.pythonhosted.org/packages/68/e6/f3d4ff3223f9ea49c3b7169ec0268e42bd49f87c70c0e3e853895e4a7ae2/ruamel.yaml.clib-0.2.12-cp39-cp39-musllinux_1_1_i686.whl", hash = "sha256:d85252669dc32f98ebcd5d36768f5d4faeaeaa2d655ac0473be490ecdae3c285", size = 667091 },
    { url = "https://files.pythonhosted.org/packages/84/62/ead07043527642491e5011b143f44b81ef80f1025a96069b7210e0f2f0f3/ruamel.yaml.clib-0.2.12-cp39-cp39-musllinux_1_1_x86_64.whl", hash = "sha256:e143ada795c341b56de9418c58d028989093ee611aa27ffb9b7f609c00d813ed", size = 699111 },
    { url = "https://files.pythonhosted.org/packages/6e/b3/7feb99a00bfaa5c6868617bb7651308afde85e5a0b23cd187fe5de65feeb/ruamel.yaml.clib-0.2.12-cp39-cp39-win32.whl", hash = "sha256:beffaed67936fbbeffd10966a4eb53c402fafd3d6833770516bf7314bc6ffa12", size = 100863 },
    { url = "https://files.pythonhosted.org/packages/93/07/de635108684b7a5bb06e432b0930c5a04b6c59efe73bd966d8db3cc208f2/ruamel.yaml.clib-0.2.12-cp39-cp39-win_amd64.whl", hash = "sha256:040ae85536960525ea62868b642bdb0c2cc6021c9f9d507810c0c604e66f5a7b", size = 118653 },
]

[[package]]
name = "scipy"
version = "1.13.1"
source = { registry = "https://pypi.org/simple" }
dependencies = [
    { name = "numpy" },
]
sdist = { url = "https://files.pythonhosted.org/packages/ae/00/48c2f661e2816ccf2ecd77982f6605b2950afe60f60a52b4cbbc2504aa8f/scipy-1.13.1.tar.gz", hash = "sha256:095a87a0312b08dfd6a6155cbbd310a8c51800fc931b8c0b84003014b874ed3c", size = 57210720 }
wheels = [
    { url = "https://files.pythonhosted.org/packages/33/59/41b2529908c002ade869623b87eecff3e11e3ce62e996d0bdcb536984187/scipy-1.13.1-cp310-cp310-macosx_10_9_x86_64.whl", hash = "sha256:20335853b85e9a49ff7572ab453794298bcf0354d8068c5f6775a0eabf350aca", size = 39328076 },
    { url = "https://files.pythonhosted.org/packages/d5/33/f1307601f492f764062ce7dd471a14750f3360e33cd0f8c614dae208492c/scipy-1.13.1-cp310-cp310-macosx_12_0_arm64.whl", hash = "sha256:d605e9c23906d1994f55ace80e0125c587f96c020037ea6aa98d01b4bd2e222f", size = 30306232 },
    { url = "https://files.pythonhosted.org/packages/c0/66/9cd4f501dd5ea03e4a4572ecd874936d0da296bd04d1c45ae1a4a75d9c3a/scipy-1.13.1-cp310-cp310-manylinux_2_17_aarch64.manylinux2014_aarch64.whl", hash = "sha256:cfa31f1def5c819b19ecc3a8b52d28ffdcc7ed52bb20c9a7589669dd3c250989", size = 33743202 },
    { url = "https://files.pythonhosted.org/packages/a3/ba/7255e5dc82a65adbe83771c72f384d99c43063648456796436c9a5585ec3/scipy-1.13.1-cp310-cp310-manylinux_2_17_x86_64.manylinux2014_x86_64.whl", hash = "sha256:f26264b282b9da0952a024ae34710c2aff7d27480ee91a2e82b7b7073c24722f", size = 38577335 },
    { url = "https://files.pythonhosted.org/packages/49/a5/bb9ded8326e9f0cdfdc412eeda1054b914dfea952bda2097d174f8832cc0/scipy-1.13.1-cp310-cp310-musllinux_1_1_x86_64.whl", hash = "sha256:eccfa1906eacc02de42d70ef4aecea45415f5be17e72b61bafcfd329bdc52e94", size = 38820728 },
    { url = "https://files.pythonhosted.org/packages/12/30/df7a8fcc08f9b4a83f5f27cfaaa7d43f9a2d2ad0b6562cced433e5b04e31/scipy-1.13.1-cp310-cp310-win_amd64.whl", hash = "sha256:2831f0dc9c5ea9edd6e51e6e769b655f08ec6db6e2e10f86ef39bd32eb11da54", size = 46210588 },
    { url = "https://files.pythonhosted.org/packages/b4/15/4a4bb1b15bbd2cd2786c4f46e76b871b28799b67891f23f455323a0cdcfb/scipy-1.13.1-cp311-cp311-macosx_10_9_x86_64.whl", hash = "sha256:27e52b09c0d3a1d5b63e1105f24177e544a222b43611aaf5bc44d4a0979e32f9", size = 39333805 },
    { url = "https://files.pythonhosted.org/packages/ba/92/42476de1af309c27710004f5cdebc27bec62c204db42e05b23a302cb0c9a/scipy-1.13.1-cp311-cp311-macosx_12_0_arm64.whl", hash = "sha256:54f430b00f0133e2224c3ba42b805bfd0086fe488835effa33fa291561932326", size = 30317687 },
    { url = "https://files.pythonhosted.org/packages/80/ba/8be64fe225360a4beb6840f3cbee494c107c0887f33350d0a47d55400b01/scipy-1.13.1-cp311-cp311-manylinux_2_17_aarch64.manylinux2014_aarch64.whl", hash = "sha256:e89369d27f9e7b0884ae559a3a956e77c02114cc60a6058b4e5011572eea9299", size = 33694638 },
    { url = "https://files.pythonhosted.org/packages/36/07/035d22ff9795129c5a847c64cb43c1fa9188826b59344fee28a3ab02e283/scipy-1.13.1-cp311-cp311-manylinux_2_17_x86_64.manylinux2014_x86_64.whl", hash = "sha256:a78b4b3345f1b6f68a763c6e25c0c9a23a9fd0f39f5f3d200efe8feda560a5fa", size = 38569931 },
    { url = "https://files.pythonhosted.org/packages/d9/10/f9b43de37e5ed91facc0cfff31d45ed0104f359e4f9a68416cbf4e790241/scipy-1.13.1-cp311-cp311-musllinux_1_1_x86_64.whl", hash = "sha256:45484bee6d65633752c490404513b9ef02475b4284c4cfab0ef946def50b3f59", size = 38838145 },
    { url = "https://files.pythonhosted.org/packages/4a/48/4513a1a5623a23e95f94abd675ed91cfb19989c58e9f6f7d03990f6caf3d/scipy-1.13.1-cp311-cp311-win_amd64.whl", hash = "sha256:5713f62f781eebd8d597eb3f88b8bf9274e79eeabf63afb4a737abc6c84ad37b", size = 46196227 },
    { url = "https://files.pythonhosted.org/packages/f2/7b/fb6b46fbee30fc7051913068758414f2721003a89dd9a707ad49174e3843/scipy-1.13.1-cp312-cp312-macosx_10_9_x86_64.whl", hash = "sha256:5d72782f39716b2b3509cd7c33cdc08c96f2f4d2b06d51e52fb45a19ca0c86a1", size = 39357301 },
    { url = "https://files.pythonhosted.org/packages/dc/5a/2043a3bde1443d94014aaa41e0b50c39d046dda8360abd3b2a1d3f79907d/scipy-1.13.1-cp312-cp312-macosx_12_0_arm64.whl", hash = "sha256:017367484ce5498445aade74b1d5ab377acdc65e27095155e448c88497755a5d", size = 30363348 },
    { url = "https://files.pythonhosted.org/packages/e7/cb/26e4a47364bbfdb3b7fb3363be6d8a1c543bcd70a7753ab397350f5f189a/scipy-1.13.1-cp312-cp312-manylinux_2_17_aarch64.manylinux2014_aarch64.whl", hash = "sha256:949ae67db5fa78a86e8fa644b9a6b07252f449dcf74247108c50e1d20d2b4627", size = 33406062 },
    { url = "https://files.pythonhosted.org/packages/88/ab/6ecdc526d509d33814835447bbbeedbebdec7cca46ef495a61b00a35b4bf/scipy-1.13.1-cp312-cp312-manylinux_2_17_x86_64.manylinux2014_x86_64.whl", hash = "sha256:de3ade0e53bc1f21358aa74ff4830235d716211d7d077e340c7349bc3542e884", size = 38218311 },
    { url = "https://files.pythonhosted.org/packages/0b/00/9f54554f0f8318100a71515122d8f4f503b1a2c4b4cfab3b4b68c0eb08fa/scipy-1.13.1-cp312-cp312-musllinux_1_1_x86_64.whl", hash = "sha256:2ac65fb503dad64218c228e2dc2d0a0193f7904747db43014645ae139c8fad16", size = 38442493 },
    { url = "https://files.pythonhosted.org/packages/3e/df/963384e90733e08eac978cd103c34df181d1fec424de383cdc443f418dd4/scipy-1.13.1-cp312-cp312-win_amd64.whl", hash = "sha256:cdd7dacfb95fea358916410ec61bbc20440f7860333aee6d882bb8046264e949", size = 45910955 },
    { url = "https://files.pythonhosted.org/packages/7f/29/c2ea58c9731b9ecb30b6738113a95d147e83922986b34c685b8f6eefde21/scipy-1.13.1-cp39-cp39-macosx_10_9_x86_64.whl", hash = "sha256:436bbb42a94a8aeef855d755ce5a465479c721e9d684de76bf61a62e7c2b81d5", size = 39352927 },
    { url = "https://files.pythonhosted.org/packages/5c/c0/e71b94b20ccf9effb38d7147c0064c08c622309fd487b1b677771a97d18c/scipy-1.13.1-cp39-cp39-macosx_12_0_arm64.whl", hash = "sha256:8335549ebbca860c52bf3d02f80784e91a004b71b059e3eea9678ba994796a24", size = 30324538 },
    { url = "https://files.pythonhosted.org/packages/6d/0f/aaa55b06d474817cea311e7b10aab2ea1fd5d43bc6a2861ccc9caec9f418/scipy-1.13.1-cp39-cp39-manylinux_2_17_aarch64.manylinux2014_aarch64.whl", hash = "sha256:d533654b7d221a6a97304ab63c41c96473ff04459e404b83275b60aa8f4b7004", size = 33732190 },
    { url = "https://files.pythonhosted.org/packages/35/f5/d0ad1a96f80962ba65e2ce1de6a1e59edecd1f0a7b55990ed208848012e0/scipy-1.13.1-cp39-cp39-manylinux_2_17_x86_64.manylinux2014_x86_64.whl", hash = "sha256:637e98dcf185ba7f8e663e122ebf908c4702420477ae52a04f9908707456ba4d", size = 38612244 },
    { url = "https://files.pythonhosted.org/packages/8d/02/1165905f14962174e6569076bcc3315809ae1291ed14de6448cc151eedfd/scipy-1.13.1-cp39-cp39-musllinux_1_1_x86_64.whl", hash = "sha256:a014c2b3697bde71724244f63de2476925596c24285c7a637364761f8710891c", size = 38845637 },
    { url = "https://files.pythonhosted.org/packages/3e/77/dab54fe647a08ee4253963bcd8f9cf17509c8ca64d6335141422fe2e2114/scipy-1.13.1-cp39-cp39-win_amd64.whl", hash = "sha256:392e4ec766654852c25ebad4f64e4e584cf19820b980bc04960bca0b0cd6eaa2", size = 46227440 },
]

[[package]]
name = "tqdm"
version = "4.67.1"
source = { registry = "https://pypi.org/simple" }
dependencies = [
    { name = "colorama", marker = "platform_system == 'Windows'" },
]
sdist = { url = "https://files.pythonhosted.org/packages/a8/4b/29b4ef32e036bb34e4ab51796dd745cdba7ed47ad142a9f4a1eb8e0c744d/tqdm-4.67.1.tar.gz", hash = "sha256:f8aef9c52c08c13a65f30ea34f4e5aac3fd1a34959879d7e59e63027286627f2", size = 169737 }
wheels = [
    { url = "https://files.pythonhosted.org/packages/d0/30/dc54f88dd4a2b5dc8a0279bdd7270e735851848b762aeb1c1184ed1f6b14/tqdm-4.67.1-py3-none-any.whl", hash = "sha256:26445eca388f82e72884e0d580d5464cd801a3ea01e63e5601bdff9ba6a48de2", size = 78540 },
]

[[package]]
name = "win32-setctime"
version = "1.2.0"
source = { registry = "https://pypi.org/simple" }
sdist = { url = "https://files.pythonhosted.org/packages/b3/8f/705086c9d734d3b663af0e9bb3d4de6578d08f46b1b101c2442fd9aecaa2/win32_setctime-1.2.0.tar.gz", hash = "sha256:ae1fdf948f5640aae05c511ade119313fb6a30d7eabe25fef9764dca5873c4c0", size = 4867 }
wheels = [
    { url = "https://files.pythonhosted.org/packages/e1/07/c6fe3ad3e685340704d314d765b7912993bcb8dc198f0e7a89382d37974b/win32_setctime-1.2.0-py3-none-any.whl", hash = "sha256:95d644c4e708aba81dc3704a116d8cbc974d70b3bdb8be1d150e36be6e9d1390", size = 4083 },
]
